
Microsoft Visual Studio Solution File, Format Version 12.00
# Visual Studio Version 17
VisualStudioVersion = 17.9.34622.214
MinimumVisualStudioVersion = 10.0.40219.1
Project("{FAE04EC0-301F-11D3-BF4B-00C04F79EFBC}") = "2.1-DirectoryOperationApp", "2.1-DirectoryOperationApp\2.1-DirectoryOperationApp.csproj", "{56F4D8A7-AF97-437F-90D0-2842749DFEFE}"
EndProject
Global
	GlobalSection(SolutionConfigurationPlatforms) = preSolution
		Debug|Any CPU = Debug|Any CPU
		Release|Any CPU = Release|Any CPU
	EndGlobalSection
	GlobalSection(ProjectConfigurationPlatforms) = postSolution
		{56F4D8A7-AF97-437F-90D0-2842749DFEFE}.Debug|Any CPU.ActiveCfg = Debug|Any CPU
		{56F4D8A7-AF97-437F-90D0-2842749DFEFE}.Debug|Any CPU.Build.0 = Debug|Any CPU
		{56F4D8A7-AF97-437F-90D0-2842749DFEFE}.Release|Any CPU.ActiveCfg = Release|Any CPU
		{56F4D8A7-AF97-437F-90D0-2842749DFEFE}.Release|Any CPU.Build.0 = Release|Any CPU
	EndGlobalSection
	GlobalSection(SolutionProperties) = preSolution
		HideSolutionNode = FALSE
	EndGlobalSection
	GlobalSection(ExtensibilityGlobals) = postSolution
		SolutionGuid = {168CD222-D8A5-4BFC-B467-081F3B52FBAE}
	EndGlobalSection
EndGlobal
